
Microsoft Visual Studio Solution File, Format Version 12.00
# Visual Studio Version 17
VisualStudioVersion = 17.1.32421.90
MinimumVisualStudioVersion = 10.0.40219.1
Project("{888888A0-9F3D-457C-B088-3A5042F75D52}") = "NetSecPA4_PRNGs", "NetSecPA4_PRNGs\NetSecPA4_PRNGs.pyproj", "{B58C489E-33ED-43E4-B5B0-6867C76EE778}"
EndProject
Global
	GlobalSection(SolutionConfigurationPlatforms) = preSolution
		Debug|Any CPU = Debug|Any CPU
		Release|Any CPU = Release|Any CPU
	EndGlobalSection
	GlobalSection(ProjectConfigurationPlatforms) = postSolution
		{B58C489E-33ED-43E4-B5B0-6867C76EE778}.Debug|Any CPU.ActiveCfg = Debug|Any CPU
		{B58C489E-33ED-43E4-B5B0-6867C76EE778}.Release|Any CPU.ActiveCfg = Release|Any CPU
	EndGlobalSection
	GlobalSection(SolutionProperties) = preSolution
		HideSolutionNode = FALSE
	EndGlobalSection
	GlobalSection(ExtensibilityGlobals) = postSolution
		SolutionGuid = {970F4207-7750-469F-B07A-25CD9F078500}
	EndGlobalSection
EndGlobal
